
Microsoft Visual Studio Solution File, Format Version 12.00
# Visual Studio 2012
Project("{8BC9CEB8-8B4A-11D0-8D11-00A0C91BC942}") = "HW2", "HW2\HW2.vcxproj", "{74D6B6A1-9B09-40AE-87F8-E64AED39998F}"
EndProject
Project("{8BC9CEB8-8B4A-11D0-8D11-00A0C91BC942}") = "HW1", "..\HW1\HW1\HW1.vcxproj", "{AB096CD4-D47F-4803-B166-F50E153C4496}"
EndProject
Global
	GlobalSection(SolutionConfigurationPlatforms) = preSolution
		Debug|Win32 = Debug|Win32
		Release|Win32 = Release|Win32
	EndGlobalSection
	GlobalSection(ProjectConfigurationPlatforms) = postSolution
		{74D6B6A1-9B09-40AE-87F8-E64AED39998F}.Debug|Win32.ActiveCfg = Debug|Win32
		{74D6B6A1-9B09-40AE-87F8-E64AED39998F}.Debug|Win32.Build.0 = Debug|Win32
		{74D6B6A1-9B09-40AE-87F8-E64AED39998F}.Release|Win32.ActiveCfg = Release|Win32
		{74D6B6A1-9B09-40AE-87F8-E64AED39998F}.Release|Win32.Build.0 = Release|Win32
		{AB096CD4-D47F-4803-B166-F50E153C4496}.Debug|Win32.ActiveCfg = Debug|Win32
		{AB096CD4-D47F-4803-B166-F50E153C4496}.Debug|Win32.Build.0 = Debug|Win32
		{AB096CD4-D47F-4803-B166-F50E153C4496}.Release|Win32.ActiveCfg = Release|Win32
		{AB096CD4-D47F-4803-B166-F50E153C4496}.Release|Win32.Build.0 = Release|Win32
	EndGlobalSection
	GlobalSection(SolutionProperties) = preSolution
		HideSolutionNode = FALSE
	EndGlobalSection
EndGlobal
